// !$*UTF8*$!
{
	archiveVersion = 1;
	classes = {
	};
	objectVersion = 46;
	objects = {

/* Begin PBXBuildFile section */
		A13A94DD1533B81B002CDC12 /* libz.dylib in Frameworks */ = {isa = PBXBuildFile; fileRef = A13A94DC1533B81B002CDC12 /* libz.dylib */; };
		A13A94ED1533DCB2002CDC12 /* MainWindow-iPad.xib in Resources */ = {isa = PBXBuildFile; fileRef = A13A94EB1533DCB2002CDC12 /* MainWindow-iPad.xib */; };
		CB18A57F13ACFBA400091131 /* CrashViewController.m in Sources */ = {isa = PBXBuildFile; fileRef = CB18A57D13ACFBA400091131 /* CrashViewController.m */; };
		CB18A58013ACFBA400091131 /* CrashViewController.xib in Resources */ = {isa = PBXBuildFile; fileRef = CB18A57E13ACFBA400091131 /* CrashViewController.xib */; };
		CB29776A1395C5340094C550 /* UIKit.framework in Frameworks */ = {isa = PBXBuildFile; fileRef = CB2977691395C5340094C550 /* UIKit.framework */; };
		CB29776C1395C5340094C550 /* Foundation.framework in Frameworks */ = {isa = PBXBuildFile; fileRef = CB29776B1395C5340094C550 /* Foundation.framework */; };
		CB29776E1395C5340094C550 /* CoreGraphics.framework in Frameworks */ = {isa = PBXBuildFile; fileRef = CB29776D1395C5340094C550 /* CoreGraphics.framework */; };
		CB2977741395C5340094C550 /* InfoPlist.strings in Resources */ = {isa = PBXBuildFile; fileRef = CB2977721395C5340094C550 /* InfoPlist.strings */; };
		CB2977771395C5340094C550 /* main.m in Sources */ = {isa = PBXBuildFile; fileRef = CB2977761395C5340094C550 /* main.m */; };
		CB29777A1395C5340094C550 /* MapsAppDelegate.m in Sources */ = {isa = PBXBuildFile; fileRef = CB2977791395C5340094C550 /* MapsAppDelegate.m */; };
		CB29777D1395C5340094C550 /* MainWindow.xib in Resources */ = {isa = PBXBuildFile; fileRef = CB29777B1395C5340094C550 /* MainWindow.xib */; };
		CB2977801395C5340094C550 /* MainViewController.m in Sources */ = {isa = PBXBuildFile; fileRef = CB29777F1395C5340094C550 /* MainViewController.m */; };
		CB2977821395C5340094C550 /* MainView.xib in Resources */ = {isa = PBXBuildFile; fileRef = CB2977811395C5340094C550 /* MainView.xib */; };
		CB2977851395C5340094C550 /* FlipsideViewController.m in Sources */ = {isa = PBXBuildFile; fileRef = CB2977841395C5340094C550 /* FlipsideViewController.m */; };
		CB2977871395C5340094C550 /* FlipsideView.xib in Resources */ = {isa = PBXBuildFile; fileRef = CB2977861395C5340094C550 /* FlipsideView.xib */; };
		CB51D33314293B0500A43CB5 /* libAppBlade.a in Frameworks */ = {isa = PBXBuildFile; fileRef = CB51D32D14293AF200A43CB5 /* libAppBlade.a */; };
		CBF479841395C5BA00949297 /* MapKit.framework in Frameworks */ = {isa = PBXBuildFile; fileRef = CBF479831395C5BA00949297 /* MapKit.framework */; };
		CBF4798A1395CA6700949297 /* iTunesArtwork.png in Resources */ = {isa = PBXBuildFile; fileRef = CBF479871395CA6700949297 /* iTunesArtwork.png */; };
		CBF4798B1395CA6700949297 /* Icon.png in Resources */ = {isa = PBXBuildFile; fileRef = CBF479881395CA6700949297 /* Icon.png */; };
		CBF4798C1395CA6700949297 /* Icon@2x.png in Resources */ = {isa = PBXBuildFile; fileRef = CBF479891395CA6700949297 /* Icon@2x.png */; };
		CBF479DE1395D0CF00949297 /* CFNetwork.framework in Frameworks */ = {isa = PBXBuildFile; fileRef = CBF479DD1395D0CF00949297 /* CFNetwork.framework */; };
		CBF479E21395D0F100949297 /* SystemConfiguration.framework in Frameworks */ = {isa = PBXBuildFile; fileRef = CBF479E11395D0F100949297 /* SystemConfiguration.framework */; };
		CBF479E41395D10100949297 /* MobileCoreServices.framework in Frameworks */ = {isa = PBXBuildFile; fileRef = CBF479E31395D10100949297 /* MobileCoreServices.framework */; };
		CBF47A1E1396C20000949297 /* Security.framework in Frameworks */ = {isa = PBXBuildFile; fileRef = CBF47A1D1396C20000949297 /* Security.framework */; };
/* End PBXBuildFile section */

/* Begin PBXContainerItemProxy section */
		CB51D32C14293AF200A43CB5 /* PBXContainerItemProxy */ = {
			isa = PBXContainerItemProxy;
			containerPortal = CB51D32414293AF200A43CB5 /* AppBlade.xcodeproj */;
			proxyType = 2;
			remoteGlobalIDString = CBF479F813969C2B00949297;
			remoteInfo = AppBlade;
		};
		CB51D32E14293AF200A43CB5 /* PBXContainerItemProxy */ = {
			isa = PBXContainerItemProxy;
			containerPortal = CB51D32414293AF200A43CB5 /* AppBlade.xcodeproj */;
			proxyType = 2;
			remoteGlobalIDString = CB51D2FC1429274C00A43CB5;
			remoteInfo = AppBladeUniversal;
		};
		CB51D33114293AFD00A43CB5 /* PBXContainerItemProxy */ = {
			isa = PBXContainerItemProxy;
			containerPortal = CB51D32414293AF200A43CB5 /* AppBlade.xcodeproj */;
			proxyType = 1;
			remoteGlobalIDString = CBF479F713969C2B00949297;
			remoteInfo = AppBlade;
		};
/* End PBXContainerItemProxy section */

/* Begin PBXFileReference section */
		31B29E6B13FC1B4C00AF9D5D /* Maps.app */ = {isa = PBXFileReference; explicitFileType = wrapper.application; includeInIndex = 0; path = Maps.app; sourceTree = BUILT_PRODUCTS_DIR; };
		6279A7C1141FA6FB0013F486 /* libAppBlade.a */ = {isa = PBXFileReference; explicitFileType = archive.ar; name = libAppBlade.a; path = "/Users/jkaufman/Library/Developer/Xcode/DerivedData/Maps-fxlsuaftoykwnsafsvdruvxaggxx/Build/Products/Release_Production-iphoneos/libAppBlade.a"; sourceTree = "<absolute>"; };
		A13A94DC1533B81B002CDC12 /* libz.dylib */ = {isa = PBXFileReference; lastKnownFileType = "compiled.mach-o.dylib"; name = libz.dylib; path = usr/lib/libz.dylib; sourceTree = SDKROOT; };
		A13A94EC1533DCB2002CDC12 /* en */ = {isa = PBXFileReference; lastKnownFileType = file.xib; name = en; path = "iPad/en.lproj/MainWindow-iPad.xib"; sourceTree = "<group>"; };
		CB18A57C13ACFBA400091131 /* CrashViewController.h */ = {isa = PBXFileReference; fileEncoding = 4; lastKnownFileType = sourcecode.c.h; path = CrashViewController.h; sourceTree = "<group>"; };
		CB18A57D13ACFBA400091131 /* CrashViewController.m */ = {isa = PBXFileReference; fileEncoding = 4; lastKnownFileType = sourcecode.c.objc; path = CrashViewController.m; sourceTree = "<group>"; };
		CB18A57E13ACFBA400091131 /* CrashViewController.xib */ = {isa = PBXFileReference; fileEncoding = 4; lastKnownFileType = file.xib; path = CrashViewController.xib; sourceTree = "<group>"; };
		CB2977691395C5340094C550 /* UIKit.framework */ = {isa = PBXFileReference; lastKnownFileType = wrapper.framework; name = UIKit.framework; path = System/Library/Frameworks/UIKit.framework; sourceTree = SDKROOT; };
		CB29776B1395C5340094C550 /* Foundation.framework */ = {isa = PBXFileReference; lastKnownFileType = wrapper.framework; name = Foundation.framework; path = System/Library/Frameworks/Foundation.framework; sourceTree = SDKROOT; };
		CB29776D1395C5340094C550 /* CoreGraphics.framework */ = {isa = PBXFileReference; lastKnownFileType = wrapper.framework; name = CoreGraphics.framework; path = System/Library/Frameworks/CoreGraphics.framework; sourceTree = SDKROOT; };
		CB2977711395C5340094C550 /* Maps-Info.plist */ = {isa = PBXFileReference; lastKnownFileType = text.plist.xml; path = "Maps-Info.plist"; sourceTree = "<group>"; };
		CB2977731395C5340094C550 /* en */ = {isa = PBXFileReference; lastKnownFileType = text.plist.strings; name = en; path = en.lproj/InfoPlist.strings; sourceTree = "<group>"; };
		CB2977751395C5340094C550 /* Maps-Prefix.pch */ = {isa = PBXFileReference; lastKnownFileType = sourcecode.c.h; path = "Maps-Prefix.pch"; sourceTree = "<group>"; };
		CB2977761395C5340094C550 /* main.m */ = {isa = PBXFileReference; lastKnownFileType = sourcecode.c.objc; path = main.m; sourceTree = "<group>"; };
		CB2977781395C5340094C550 /* MapsAppDelegate.h */ = {isa = PBXFileReference; lastKnownFileType = sourcecode.c.h; path = MapsAppDelegate.h; sourceTree = "<group>"; };
		CB2977791395C5340094C550 /* MapsAppDelegate.m */ = {isa = PBXFileReference; lastKnownFileType = sourcecode.c.objc; path = MapsAppDelegate.m; sourceTree = "<group>"; };
		CB29777C1395C5340094C550 /* en */ = {isa = PBXFileReference; lastKnownFileType = file.xib; name = en; path = en.lproj/MainWindow.xib; sourceTree = "<group>"; };
		CB29777E1395C5340094C550 /* MainViewController.h */ = {isa = PBXFileReference; lastKnownFileType = sourcecode.c.h; path = MainViewController.h; sourceTree = "<group>"; };
		CB29777F1395C5340094C550 /* MainViewController.m */ = {isa = PBXFileReference; lastKnownFileType = sourcecode.c.objc; path = MainViewController.m; sourceTree = "<group>"; };
		CB2977811395C5340094C550 /* MainView.xib */ = {isa = PBXFileReference; lastKnownFileType = file.xib; path = MainView.xib; sourceTree = "<group>"; };
		CB2977831395C5340094C550 /* FlipsideViewController.h */ = {isa = PBXFileReference; lastKnownFileType = sourcecode.c.h; path = FlipsideViewController.h; sourceTree = "<group>"; };
		CB2977841395C5340094C550 /* FlipsideViewController.m */ = {isa = PBXFileReference; lastKnownFileType = sourcecode.c.objc; path = FlipsideViewController.m; sourceTree = "<group>"; };
		CB2977861395C5340094C550 /* FlipsideView.xib */ = {isa = PBXFileReference; lastKnownFileType = file.xib; path = FlipsideView.xib; sourceTree = "<group>"; };
		CB51D32414293AF200A43CB5 /* AppBlade.xcodeproj */ = {isa = PBXFileReference; lastKnownFileType = "wrapper.pb-project"; name = AppBlade.xcodeproj; path = ../Framework/AppBlade.xcodeproj; sourceTree = "<group>"; };
		CBF479831395C5BA00949297 /* MapKit.framework */ = {isa = PBXFileReference; lastKnownFileType = wrapper.framework; name = MapKit.framework; path = System/Library/Frameworks/MapKit.framework; sourceTree = SDKROOT; };
		CBF479871395CA6700949297 /* iTunesArtwork.png */ = {isa = PBXFileReference; lastKnownFileType = image.png; path = iTunesArtwork.png; sourceTree = "<group>"; };
		CBF479881395CA6700949297 /* Icon.png */ = {isa = PBXFileReference; lastKnownFileType = image.png; path = Icon.png; sourceTree = "<group>"; };
		CBF479891395CA6700949297 /* Icon@2x.png */ = {isa = PBXFileReference; lastKnownFileType = image.png; path = "Icon@2x.png"; sourceTree = "<group>"; };
		CBF479DD1395D0CF00949297 /* CFNetwork.framework */ = {isa = PBXFileReference; lastKnownFileType = wrapper.framework; name = CFNetwork.framework; path = System/Library/Frameworks/CFNetwork.framework; sourceTree = SDKROOT; };
		CBF479DF1395D0E400949297 /* libz.1.2.3.dylib */ = {isa = PBXFileReference; lastKnownFileType = "compiled.mach-o.dylib"; name = libz.1.2.3.dylib; path = usr/lib/libz.1.2.3.dylib; sourceTree = SDKROOT; };
		CBF479E11395D0F100949297 /* SystemConfiguration.framework */ = {isa = PBXFileReference; lastKnownFileType = wrapper.framework; name = SystemConfiguration.framework; path = System/Library/Frameworks/SystemConfiguration.framework; sourceTree = SDKROOT; };
		CBF479E31395D10100949297 /* MobileCoreServices.framework */ = {isa = PBXFileReference; lastKnownFileType = wrapper.framework; name = MobileCoreServices.framework; path = System/Library/Frameworks/MobileCoreServices.framework; sourceTree = SDKROOT; };
		CBF47A1D1396C20000949297 /* Security.framework */ = {isa = PBXFileReference; lastKnownFileType = wrapper.framework; name = Security.framework; path = System/Library/Frameworks/Security.framework; sourceTree = SDKROOT; };
/* End PBXFileReference section */

/* Begin PBXFrameworksBuildPhase section */
		CB2977621395C5340094C550 /* Frameworks */ = {
			isa = PBXFrameworksBuildPhase;
			buildActionMask = 2147483647;
			files = (
				A13A94DD1533B81B002CDC12 /* libz.dylib in Frameworks */,
				CB51D33314293B0500A43CB5 /* libAppBlade.a in Frameworks */,
				CB29776E1395C5340094C550 /* CoreGraphics.framework in Frameworks */,
				CBF47A1E1396C20000949297 /* Security.framework in Frameworks */,
				CBF479E41395D10100949297 /* MobileCoreServices.framework in Frameworks */,
				CBF479E21395D0F100949297 /* SystemConfiguration.framework in Frameworks */,
				CBF479DE1395D0CF00949297 /* CFNetwork.framework in Frameworks */,
				CBF479841395C5BA00949297 /* MapKit.framework in Frameworks */,
				CB29776A1395C5340094C550 /* UIKit.framework in Frameworks */,
				CB29776C1395C5340094C550 /* Foundation.framework in Frameworks */,
			);
			runOnlyForDeploymentPostprocessing = 0;
		};
/* End PBXFrameworksBuildPhase section */

/* Begin PBXGroup section */
		A13A94EA1533DCAE002CDC12 /* iPad */ = {
			isa = PBXGroup;
			children = (
				A13A94EB1533DCB2002CDC12 /* MainWindow-iPad.xib */,
			);
			name = iPad;
			sourceTree = "<group>";
		};
		CB29775A1395C5340094C550 = {
			isa = PBXGroup;
			children = (
				A13A94DC1533B81B002CDC12 /* libz.dylib */,
				CB51D32414293AF200A43CB5 /* AppBlade.xcodeproj */,
				CBF479861395CA3100949297 /* Images */,
				CB29776F1395C5340094C550 /* Maps */,
				CB2977681395C5340094C550 /* Frameworks */,
				CB2977661395C5340094C550 /* Products */,
			);
			sourceTree = "<group>";
		};
		CB2977661395C5340094C550 /* Products */ = {
			isa = PBXGroup;
			children = (
				31B29E6B13FC1B4C00AF9D5D /* Maps.app */,
			);
			name = Products;
			sourceTree = "<group>";
		};
		CB2977681395C5340094C550 /* Frameworks */ = {
			isa = PBXGroup;
			children = (
				6279A7C1141FA6FB0013F486 /* libAppBlade.a */,
				CBF47A1D1396C20000949297 /* Security.framework */,
				CBF479831395C5BA00949297 /* MapKit.framework */,
				CBF479E31395D10100949297 /* MobileCoreServices.framework */,
				CBF479E11395D0F100949297 /* SystemConfiguration.framework */,
				CBF479DF1395D0E400949297 /* libz.1.2.3.dylib */,
				CBF479DD1395D0CF00949297 /* CFNetwork.framework */,
				CB2977691395C5340094C550 /* UIKit.framework */,
				CB29776B1395C5340094C550 /* Foundation.framework */,
				CB29776D1395C5340094C550 /* CoreGraphics.framework */,
			);
			name = Frameworks;
			sourceTree = "<group>";
		};
		CB29776F1395C5340094C550 /* Maps */ = {
			isa = PBXGroup;
			children = (
				A13A94EA1533DCAE002CDC12 /* iPad */,
				CB2977781395C5340094C550 /* MapsAppDelegate.h */,
				CB2977791395C5340094C550 /* MapsAppDelegate.m */,
				CB29777B1395C5340094C550 /* MainWindow.xib */,
				CB29777E1395C5340094C550 /* MainViewController.h */,
				CB29777F1395C5340094C550 /* MainViewController.m */,
				CB2977811395C5340094C550 /* MainView.xib */,
				CB2977831395C5340094C550 /* FlipsideViewController.h */,
				CB2977841395C5340094C550 /* FlipsideViewController.m */,
				CB2977861395C5340094C550 /* FlipsideView.xib */,
				CB2977701395C5340094C550 /* Supporting Files */,
				CB18A57C13ACFBA400091131 /* CrashViewController.h */,
				CB18A57D13ACFBA400091131 /* CrashViewController.m */,
				CB18A57E13ACFBA400091131 /* CrashViewController.xib */,
			);
			path = Maps;
			sourceTree = "<group>";
		};
		CB2977701395C5340094C550 /* Supporting Files */ = {
			isa = PBXGroup;
			children = (
				CB2977711395C5340094C550 /* Maps-Info.plist */,
				CB2977721395C5340094C550 /* InfoPlist.strings */,
				CB2977751395C5340094C550 /* Maps-Prefix.pch */,
				CB2977761395C5340094C550 /* main.m */,
			);
			name = "Supporting Files";
			sourceTree = "<group>";
		};
		CB51D32514293AF200A43CB5 /* Products */ = {
			isa = PBXGroup;
			children = (
				CB51D32D14293AF200A43CB5 /* libAppBlade.a */,
				CB51D32F14293AF200A43CB5 /* libAppBladeUniversal.a */,
			);
			name = Products;
			sourceTree = "<group>";
		};
		CBF479861395CA3100949297 /* Images */ = {
			isa = PBXGroup;
			children = (
				CBF479871395CA6700949297 /* iTunesArtwork.png */,
				CBF479881395CA6700949297 /* Icon.png */,
				CBF479891395CA6700949297 /* Icon@2x.png */,
			);
			name = Images;
			sourceTree = "<group>";
		};
/* End PBXGroup section */

/* Begin PBXNativeTarget section */
		CB2977641395C5340094C550 /* Maps */ = {
			isa = PBXNativeTarget;
			buildConfigurationList = CB29778A1395C5340094C550 /* Build configuration list for PBXNativeTarget "Maps" */;
			buildPhases = (
				CB2977611395C5340094C550 /* Sources */,
				CB2977621395C5340094C550 /* Frameworks */,
				CB2977631395C5340094C550 /* Resources */,
			);
			buildRules = (
			);
			dependencies = (
				CB51D33214293AFD00A43CB5 /* PBXTargetDependency */,
			);
			name = Maps;
			productName = Maps;
			productReference = 31B29E6B13FC1B4C00AF9D5D /* Maps.app */;
			productType = "com.apple.product-type.application";
		};
/* End PBXNativeTarget section */

/* Begin PBXProject section */
		CB29775C1395C5340094C550 /* Project object */ = {
			isa = PBXProject;
			attributes = {
				ORGANIZATIONNAME = "Raizlabs Corporation";
			};
			buildConfigurationList = CB29775F1395C5340094C550 /* Build configuration list for PBXProject "Maps" */;
			compatibilityVersion = "Xcode 3.2";
			developmentRegion = English;
			hasScannedForEncodings = 0;
			knownRegions = (
				en,
				English,
				es,
				fi,
				French,
				German,
				pt,
				ru,
			);
			mainGroup = CB29775A1395C5340094C550;
			productRefGroup = CB2977661395C5340094C550 /* Products */;
			projectDirPath = "";
			projectReferences = (
				{
					ProductGroup = CB51D32514293AF200A43CB5 /* Products */;
					ProjectRef = CB51D32414293AF200A43CB5 /* AppBlade.xcodeproj */;
				},
			);
			projectRoot = "";
			targets = (
				CB2977641395C5340094C550 /* Maps */,
			);
		};
/* End PBXProject section */

/* Begin PBXReferenceProxy section */
		CB51D32D14293AF200A43CB5 /* libAppBlade.a */ = {
			isa = PBXReferenceProxy;
			fileType = archive.ar;
			path = libAppBlade.a;
			remoteRef = CB51D32C14293AF200A43CB5 /* PBXContainerItemProxy */;
			sourceTree = BUILT_PRODUCTS_DIR;
		};
		CB51D32F14293AF200A43CB5 /* libAppBladeUniversal.a */ = {
			isa = PBXReferenceProxy;
			fileType = archive.ar;
			path = libAppBladeUniversal.a;
			remoteRef = CB51D32E14293AF200A43CB5 /* PBXContainerItemProxy */;
			sourceTree = BUILT_PRODUCTS_DIR;
		};
/* End PBXReferenceProxy section */

/* Begin PBXResourcesBuildPhase section */
		CB2977631395C5340094C550 /* Resources */ = {
			isa = PBXResourcesBuildPhase;
			buildActionMask = 2147483647;
			files = (
				CB2977741395C5340094C550 /* InfoPlist.strings in Resources */,
				CB29777D1395C5340094C550 /* MainWindow.xib in Resources */,
				CB2977821395C5340094C550 /* MainView.xib in Resources */,
				CB2977871395C5340094C550 /* FlipsideView.xib in Resources */,
				CBF4798A1395CA6700949297 /* iTunesArtwork.png in Resources */,
				CBF4798B1395CA6700949297 /* Icon.png in Resources */,
				CBF4798C1395CA6700949297 /* Icon@2x.png in Resources */,
				CB18A58013ACFBA400091131 /* CrashViewController.xib in Resources */,
				A13A94ED1533DCB2002CDC12 /* MainWindow-iPad.xib in Resources */,
			);
			runOnlyForDeploymentPostprocessing = 0;
		};
/* End PBXResourcesBuildPhase section */

/* Begin PBXSourcesBuildPhase section */
		CB2977611395C5340094C550 /* Sources */ = {
			isa = PBXSourcesBuildPhase;
			buildActionMask = 2147483647;
			files = (
				CB2977771395C5340094C550 /* main.m in Sources */,
				CB29777A1395C5340094C550 /* MapsAppDelegate.m in Sources */,
				CB2977801395C5340094C550 /* MainViewController.m in Sources */,
				CB2977851395C5340094C550 /* FlipsideViewController.m in Sources */,
				CB18A57F13ACFBA400091131 /* CrashViewController.m in Sources */,
			);
			runOnlyForDeploymentPostprocessing = 0;
		};
/* End PBXSourcesBuildPhase section */

/* Begin PBXTargetDependency section */
		CB51D33214293AFD00A43CB5 /* PBXTargetDependency */ = {
			isa = PBXTargetDependency;
			name = AppBlade;
			targetProxy = CB51D33114293AFD00A43CB5 /* PBXContainerItemProxy */;
		};
/* End PBXTargetDependency section */

/* Begin PBXVariantGroup section */
		A13A94EB1533DCB2002CDC12 /* MainWindow-iPad.xib */ = {
			isa = PBXVariantGroup;
			children = (
				A13A94EC1533DCB2002CDC12 /* en */,
			);
			name = "MainWindow-iPad.xib";
			sourceTree = "<group>";
		};
		CB2977721395C5340094C550 /* InfoPlist.strings */ = {
			isa = PBXVariantGroup;
			children = (
				CB2977731395C5340094C550 /* en */,
			);
			name = InfoPlist.strings;
			sourceTree = "<group>";
		};
		CB29777B1395C5340094C550 /* MainWindow.xib */ = {
			isa = PBXVariantGroup;
			children = (
				CB29777C1395C5340094C550 /* en */,
			);
			name = MainWindow.xib;
			sourceTree = "<group>";
		};
/* End PBXVariantGroup section */

/* Begin XCBuildConfiguration section */
		CB2977881395C5340094C550 /* Debug */ = {
			isa = XCBuildConfiguration;
			buildSettings = {
				ARCHS = "$(ARCHS_STANDARD_32_BIT)";
				"CODE_SIGN_IDENTITY[sdk=iphoneos*]" = "iPhone Developer: Michele Titolo (JMRJV2LB48)";
				GCC_C_LANGUAGE_STANDARD = gnu99;
				GCC_OPTIMIZATION_LEVEL = 0;
				GCC_PREPROCESSOR_DEFINITIONS = DEBUG;
				GCC_SYMBOLS_PRIVATE_EXTERN = NO;
				GCC_VERSION = com.apple.compilers.llvmgcc42;
				GCC_WARN_ABOUT_RETURN_TYPE = YES;
				GCC_WARN_UNUSED_VARIABLE = YES;
				HEADER_SEARCH_PATHS = "";
				IPHONEOS_DEPLOYMENT_TARGET = 4.3;
				LIBRARY_SEARCH_PATHS = "";
				ONLY_ACTIVE_ARCH = YES;
				"PROVISIONING_PROFILE[sdk=iphoneos*]" = "8390FB0A-6849-4AE0-BD4D-79A9A3C82CCB";
				SDKROOT = iphoneos;
				SKIP_INSTALL = YES;
			};
			name = Debug;
		};
		CB2977891395C5340094C550 /* Release */ = {
			isa = XCBuildConfiguration;
			buildSettings = {
				ARCHS = "$(ARCHS_STANDARD_32_BIT)";
				"CODE_SIGN_IDENTITY[sdk=iphoneos*]" = "iPhone Distribution: Raizlabs Corporation";
				GCC_C_LANGUAGE_STANDARD = gnu99;
				GCC_VERSION = com.apple.compilers.llvmgcc42;
				GCC_WARN_ABOUT_RETURN_TYPE = YES;
				GCC_WARN_UNUSED_VARIABLE = YES;
				HEADER_SEARCH_PATHS = "";
				IPHONEOS_DEPLOYMENT_TARGET = 4.3;
				LIBRARY_SEARCH_PATHS = "";
				ONLY_ACTIVE_ARCH = YES;
				OTHER_CFLAGS = "-DNS_BLOCK_ASSERTIONS=1";
				"PROVISIONING_PROFILE[sdk=iphoneos*]" = "130480B9-682C-41BD-968F-139D46DF1DE9";
				SDKROOT = iphoneos;
				SKIP_INSTALL = YES;
			};
			name = Release;
		};
		CB29778B1395C5340094C550 /* Debug */ = {
			isa = XCBuildConfiguration;
			buildSettings = {
				ALWAYS_SEARCH_USER_PATHS = NO;
				COPY_PHASE_STRIP = NO;
				GCC_DYNAMIC_NO_PIC = NO;
				GCC_PRECOMPILE_PREFIX_HEADER = YES;
				GCC_PREFIX_HEADER = "Maps/Maps-Prefix.pch";
				HEADER_SEARCH_PATHS = "$(SRCROOT)/../Framework/AppBlade/**";
				INFOPLIST_FILE = "Maps/Maps-Info.plist";
				IPHONEOS_DEPLOYMENT_TARGET = 5.0;
				LIBRARY_SEARCH_PATHS = "\"$(BUILT_PRODUCTS_DIR)/../Release_Production-universal/**";
				PRODUCT_NAME = "$(TARGET_NAME)";
				SKIP_INSTALL = NO;
				TARGETED_DEVICE_FAMILY = "1,2";
				WRAPPER_EXTENSION = app;
			};
			name = Debug;
		};
		CB29778C1395C5340094C550 /* Release */ = {
			isa = XCBuildConfiguration;
			buildSettings = {
				ALWAYS_SEARCH_USER_PATHS = NO;
				COPY_PHASE_STRIP = YES;
				GCC_PRECOMPILE_PREFIX_HEADER = YES;
				GCC_PREFIX_HEADER = "Maps/Maps-Prefix.pch";
				HEADER_SEARCH_PATHS = "$(SRCROOT)/../Framework/AppBlade/**";
				INFOPLIST_FILE = "Maps/Maps-Info.plist";
				IPHONEOS_DEPLOYMENT_TARGET = 5.0;
				LIBRARY_SEARCH_PATHS = "\"$(BUILT_PRODUCTS_DIR)/../Release_Production-universal/**";
				PRODUCT_NAME = "$(TARGET_NAME)";
				SKIP_INSTALL = NO;
				TARGETED_DEVICE_FAMILY = "1,2";
				VALIDATE_PRODUCT = YES;
				WRAPPER_EXTENSION = app;
			};
			name = Release;
		};
/* End XCBuildConfiguration section */

/* Begin XCConfigurationList section */
		CB29775F1395C5340094C550 /* Build configuration list for PBXProject "Maps" */ = {
			isa = XCConfigurationList;
			buildConfigurations = (
				CB2977881395C5340094C550 /* Debug */,
				CB2977891395C5340094C550 /* Release */,
			);
			defaultConfigurationIsVisible = 0;
			defaultConfigurationName = Release;
		};
		CB29778A1395C5340094C550 /* Build configuration list for PBXNativeTarget "Maps" */ = {
			isa = XCConfigurationList;
			buildConfigurations = (
				CB29778B1395C5340094C550 /* Debug */,
				CB29778C1395C5340094C550 /* Release */,
			);
			defaultConfigurationIsVisible = 0;
			defaultConfigurationName = Release;
		};
/* End XCConfigurationList section */
	};
	rootObject = CB29775C1395C5340094C550 /* Project object */;
}
