// !$*UTF8*$!
{
	archiveVersion = 1;
	classes = {
	};
	objectVersion = 46;
	objects = {

/* Begin PBXBuildFile section */
		31800B4E1610DA9C009AD737 /* Default-568h@2x.png in Resources */ = {isa = PBXBuildFile; fileRef = 31800B4D1610DA9C009AD737 /* Default-568h@2x.png */; };
		31800B501610DB62009AD737 /* libAppBlade.a in Frameworks */ = {isa = PBXBuildFile; fileRef = 62C8931014100DA900F1C147 /* libAppBlade.a */; };
		62C892D7140FF07400F1C147 /* UIKit.framework in Frameworks */ = {isa = PBXBuildFile; fileRef = 62C892D6140FF07400F1C147 /* UIKit.framework */; };
		62C892D9140FF07400F1C147 /* Foundation.framework in Frameworks */ = {isa = PBXBuildFile; fileRef = 62C892D8140FF07400F1C147 /* Foundation.framework */; };
		62C892DB140FF07400F1C147 /* CoreGraphics.framework in Frameworks */ = {isa = PBXBuildFile; fileRef = 62C892DA140FF07400F1C147 /* CoreGraphics.framework */; };
		62C892E1140FF07400F1C147 /* InfoPlist.strings in Resources */ = {isa = PBXBuildFile; fileRef = 62C892DF140FF07400F1C147 /* InfoPlist.strings */; };
		62C892E4140FF07400F1C147 /* main.m in Sources */ = {isa = PBXBuildFile; fileRef = 62C892E3140FF07400F1C147 /* main.m */; };
		62C892E7140FF07400F1C147 /* CrashSampleAppDelegate.m in Sources */ = {isa = PBXBuildFile; fileRef = 62C892E6140FF07400F1C147 /* CrashSampleAppDelegate.m */; };
		62C892EA140FF07400F1C147 /* MainWindow.xib in Resources */ = {isa = PBXBuildFile; fileRef = 62C892E8140FF07400F1C147 /* MainWindow.xib */; };
		62C892ED140FF07400F1C147 /* CrashSampleViewController.m in Sources */ = {isa = PBXBuildFile; fileRef = 62C892EC140FF07400F1C147 /* CrashSampleViewController.m */; };
		62C892F0140FF07400F1C147 /* CrashSampleViewController.xib in Resources */ = {isa = PBXBuildFile; fileRef = 62C892EE140FF07400F1C147 /* CrashSampleViewController.xib */; };
		62C8931414100E7B00F1C147 /* Security.framework in Frameworks */ = {isa = PBXBuildFile; fileRef = 62C8931314100E7B00F1C147 /* Security.framework */; };
/* End PBXBuildFile section */

/* Begin PBXFileReference section */
		31800B4D1610DA9C009AD737 /* Default-568h@2x.png */ = {isa = PBXFileReference; lastKnownFileType = image.png; name = "Default-568h@2x.png"; path = "../Default-568h@2x.png"; sourceTree = "<group>"; };
		62C892D2140FF07400F1C147 /* CrashSample.app */ = {isa = PBXFileReference; explicitFileType = wrapper.application; includeInIndex = 0; path = CrashSample.app; sourceTree = BUILT_PRODUCTS_DIR; };
		62C892D6140FF07400F1C147 /* UIKit.framework */ = {isa = PBXFileReference; lastKnownFileType = wrapper.framework; name = UIKit.framework; path = System/Library/Frameworks/UIKit.framework; sourceTree = SDKROOT; };
		62C892D8140FF07400F1C147 /* Foundation.framework */ = {isa = PBXFileReference; lastKnownFileType = wrapper.framework; name = Foundation.framework; path = System/Library/Frameworks/Foundation.framework; sourceTree = SDKROOT; };
		62C892DA140FF07400F1C147 /* CoreGraphics.framework */ = {isa = PBXFileReference; lastKnownFileType = wrapper.framework; name = CoreGraphics.framework; path = System/Library/Frameworks/CoreGraphics.framework; sourceTree = SDKROOT; };
		62C892DE140FF07400F1C147 /* CrashSample-Info.plist */ = {isa = PBXFileReference; lastKnownFileType = text.plist.xml; path = "CrashSample-Info.plist"; sourceTree = "<group>"; };
		62C892E0140FF07400F1C147 /* en */ = {isa = PBXFileReference; lastKnownFileType = text.plist.strings; name = en; path = en.lproj/InfoPlist.strings; sourceTree = "<group>"; };
		62C892E2140FF07400F1C147 /* CrashSample-Prefix.pch */ = {isa = PBXFileReference; lastKnownFileType = sourcecode.c.h; path = "CrashSample-Prefix.pch"; sourceTree = "<group>"; };
		62C892E3140FF07400F1C147 /* main.m */ = {isa = PBXFileReference; lastKnownFileType = sourcecode.c.objc; path = main.m; sourceTree = "<group>"; };
		62C892E5140FF07400F1C147 /* CrashSampleAppDelegate.h */ = {isa = PBXFileReference; lastKnownFileType = sourcecode.c.h; path = CrashSampleAppDelegate.h; sourceTree = "<group>"; };
		62C892E6140FF07400F1C147 /* CrashSampleAppDelegate.m */ = {isa = PBXFileReference; lastKnownFileType = sourcecode.c.objc; path = CrashSampleAppDelegate.m; sourceTree = "<group>"; };
		62C892E9140FF07400F1C147 /* en */ = {isa = PBXFileReference; lastKnownFileType = file.xib; name = en; path = en.lproj/MainWindow.xib; sourceTree = "<group>"; };
		62C892EB140FF07400F1C147 /* CrashSampleViewController.h */ = {isa = PBXFileReference; lastKnownFileType = sourcecode.c.h; path = CrashSampleViewController.h; sourceTree = "<group>"; };
		62C892EC140FF07400F1C147 /* CrashSampleViewController.m */ = {isa = PBXFileReference; lastKnownFileType = sourcecode.c.objc; path = CrashSampleViewController.m; sourceTree = "<group>"; };
		62C892EF140FF07400F1C147 /* en */ = {isa = PBXFileReference; lastKnownFileType = file.xib; name = en; path = en.lproj/CrashSampleViewController.xib; sourceTree = "<group>"; };
		62C8930F14100DA900F1C147 /* AppBlade.h */ = {isa = PBXFileReference; fileEncoding = 4; lastKnownFileType = sourcecode.c.h; path = AppBlade.h; sourceTree = "<group>"; };
		62C8931014100DA900F1C147 /* libAppBlade.a */ = {isa = PBXFileReference; lastKnownFileType = archive.ar; path = libAppBlade.a; sourceTree = "<group>"; };
		62C8931314100E7B00F1C147 /* Security.framework */ = {isa = PBXFileReference; lastKnownFileType = wrapper.framework; name = Security.framework; path = System/Library/Frameworks/Security.framework; sourceTree = SDKROOT; };
/* End PBXFileReference section */

/* Begin PBXFrameworksBuildPhase section */
		62C892CF140FF07400F1C147 /* Frameworks */ = {
			isa = PBXFrameworksBuildPhase;
			buildActionMask = 2147483647;
			files = (
				31800B501610DB62009AD737 /* libAppBlade.a in Frameworks */,
				62C8931414100E7B00F1C147 /* Security.framework in Frameworks */,
				62C892D7140FF07400F1C147 /* UIKit.framework in Frameworks */,
				62C892D9140FF07400F1C147 /* Foundation.framework in Frameworks */,
				62C892DB140FF07400F1C147 /* CoreGraphics.framework in Frameworks */,
			);
			runOnlyForDeploymentPostprocessing = 0;
		};
/* End PBXFrameworksBuildPhase section */

/* Begin PBXGroup section */
		62C892C7140FF07300F1C147 = {
			isa = PBXGroup;
			children = (
				62C8930E14100DA900F1C147 /* AppBlade */,
				62C892DC140FF07400F1C147 /* CrashSample */,
				62C892D5140FF07400F1C147 /* Frameworks */,
				62C892D3140FF07400F1C147 /* Products */,
			);
			sourceTree = "<group>";
		};
		62C892D3140FF07400F1C147 /* Products */ = {
			isa = PBXGroup;
			children = (
				62C892D2140FF07400F1C147 /* CrashSample.app */,
			);
			name = Products;
			sourceTree = "<group>";
		};
		62C892D5140FF07400F1C147 /* Frameworks */ = {
			isa = PBXGroup;
			children = (
				62C8931314100E7B00F1C147 /* Security.framework */,
				62C892D6140FF07400F1C147 /* UIKit.framework */,
				62C892D8140FF07400F1C147 /* Foundation.framework */,
				62C892DA140FF07400F1C147 /* CoreGraphics.framework */,
			);
			name = Frameworks;
			sourceTree = "<group>";
		};
		62C892DC140FF07400F1C147 /* CrashSample */ = {
			isa = PBXGroup;
			children = (
				62C892E5140FF07400F1C147 /* CrashSampleAppDelegate.h */,
				62C892E6140FF07400F1C147 /* CrashSampleAppDelegate.m */,
				62C892E8140FF07400F1C147 /* MainWindow.xib */,
				62C892EB140FF07400F1C147 /* CrashSampleViewController.h */,
				62C892EC140FF07400F1C147 /* CrashSampleViewController.m */,
				62C892EE140FF07400F1C147 /* CrashSampleViewController.xib */,
				62C892DD140FF07400F1C147 /* Supporting Files */,
			);
			path = CrashSample;
			sourceTree = "<group>";
		};
		62C892DD140FF07400F1C147 /* Supporting Files */ = {
			isa = PBXGroup;
			children = (
				31800B4D1610DA9C009AD737 /* Default-568h@2x.png */,
				62C892DE140FF07400F1C147 /* CrashSample-Info.plist */,
				62C892DF140FF07400F1C147 /* InfoPlist.strings */,
				62C892E2140FF07400F1C147 /* CrashSample-Prefix.pch */,
				62C892E3140FF07400F1C147 /* main.m */,
			);
			name = "Supporting Files";
			sourceTree = "<group>";
		};
		62C8930E14100DA900F1C147 /* AppBlade */ = {
			isa = PBXGroup;
			children = (
				62C8930F14100DA900F1C147 /* AppBlade.h */,
				62C8931014100DA900F1C147 /* libAppBlade.a */,
			);
			path = AppBlade;
			sourceTree = "<group>";
		};
/* End PBXGroup section */

/* Begin PBXNativeTarget section */
		62C892D1140FF07400F1C147 /* CrashSample */ = {
			isa = PBXNativeTarget;
			buildConfigurationList = 62C892F3140FF07400F1C147 /* Build configuration list for PBXNativeTarget "CrashSample" */;
			buildPhases = (
				62C892CE140FF07400F1C147 /* Sources */,
				62C892CF140FF07400F1C147 /* Frameworks */,
				62C892D0140FF07400F1C147 /* Resources */,
			);
			buildRules = (
			);
			dependencies = (
			);
			name = CrashSample;
			productName = CrashSample;
			productReference = 62C892D2140FF07400F1C147 /* CrashSample.app */;
			productType = "com.apple.product-type.application";
		};
/* End PBXNativeTarget section */

/* Begin PBXProject section */
		62C892C9140FF07300F1C147 /* Project object */ = {
			isa = PBXProject;
			attributes = {
				LastUpgradeCheck = 0450;
			};
			buildConfigurationList = 62C892CC140FF07300F1C147 /* Build configuration list for PBXProject "CrashSample" */;
			compatibilityVersion = "Xcode 3.2";
			developmentRegion = English;
			hasScannedForEncodings = 0;
			knownRegions = (
				en,
			);
			mainGroup = 62C892C7140FF07300F1C147;
			productRefGroup = 62C892D3140FF07400F1C147 /* Products */;
			projectDirPath = "";
			projectRoot = "";
			targets = (
				62C892D1140FF07400F1C147 /* CrashSample */,
			);
		};
/* End PBXProject section */

/* Begin PBXResourcesBuildPhase section */
		62C892D0140FF07400F1C147 /* Resources */ = {
			isa = PBXResourcesBuildPhase;
			buildActionMask = 2147483647;
			files = (
				62C892E1140FF07400F1C147 /* InfoPlist.strings in Resources */,
				62C892EA140FF07400F1C147 /* MainWindow.xib in Resources */,
				62C892F0140FF07400F1C147 /* CrashSampleViewController.xib in Resources */,
				31800B4E1610DA9C009AD737 /* Default-568h@2x.png in Resources */,
			);
			runOnlyForDeploymentPostprocessing = 0;
		};
/* End PBXResourcesBuildPhase section */

/* Begin PBXSourcesBuildPhase section */
		62C892CE140FF07400F1C147 /* Sources */ = {
			isa = PBXSourcesBuildPhase;
			buildActionMask = 2147483647;
			files = (
				62C892E4140FF07400F1C147 /* main.m in Sources */,
				62C892E7140FF07400F1C147 /* CrashSampleAppDelegate.m in Sources */,
				62C892ED140FF07400F1C147 /* CrashSampleViewController.m in Sources */,
			);
			runOnlyForDeploymentPostprocessing = 0;
		};
/* End PBXSourcesBuildPhase section */

/* Begin PBXVariantGroup section */
		62C892DF140FF07400F1C147 /* InfoPlist.strings */ = {
			isa = PBXVariantGroup;
			children = (
				62C892E0140FF07400F1C147 /* en */,
			);
			name = InfoPlist.strings;
			sourceTree = "<group>";
		};
		62C892E8140FF07400F1C147 /* MainWindow.xib */ = {
			isa = PBXVariantGroup;
			children = (
				62C892E9140FF07400F1C147 /* en */,
			);
			name = MainWindow.xib;
			sourceTree = "<group>";
		};
		62C892EE140FF07400F1C147 /* CrashSampleViewController.xib */ = {
			isa = PBXVariantGroup;
			children = (
				62C892EF140FF07400F1C147 /* en */,
			);
			name = CrashSampleViewController.xib;
			sourceTree = "<group>";
		};
/* End PBXVariantGroup section */

/* Begin XCBuildConfiguration section */
		62C892F1140FF07400F1C147 /* Debug */ = {
			isa = XCBuildConfiguration;
			buildSettings = {
				ARCHS = "$(ARCHS_STANDARD_32_BIT)";
				CODE_SIGN_IDENTITY = "iPhone Developer: Andrew Tremblay (FHT4Q2U7K3)";
				GCC_C_LANGUAGE_STANDARD = gnu99;
				GCC_OPTIMIZATION_LEVEL = 0;
				GCC_PREPROCESSOR_DEFINITIONS = DEBUG;
				GCC_SYMBOLS_PRIVATE_EXTERN = NO;
				GCC_VERSION = "";
				GCC_WARN_ABOUT_RETURN_TYPE = YES;
				GCC_WARN_UNUSED_VARIABLE = YES;
				IPHONEOS_DEPLOYMENT_TARGET = 4.3;
				PROVISIONING_PROFILE = "3D3975A8-FA63-4686-8618-6F9EB12E232B";
				SDKROOT = iphoneos;
			};
			name = Debug;
		};
		62C892F2140FF07400F1C147 /* Release */ = {
			isa = XCBuildConfiguration;
			buildSettings = {
				ARCHS = "$(ARCHS_STANDARD_32_BIT)";
				CODE_SIGN_IDENTITY = "iPhone Developer: Andrew Tremblay (FHT4Q2U7K3)";
				GCC_C_LANGUAGE_STANDARD = gnu99;
				GCC_VERSION = "";
				GCC_WARN_ABOUT_RETURN_TYPE = YES;
				GCC_WARN_UNUSED_VARIABLE = YES;
				IPHONEOS_DEPLOYMENT_TARGET = 4.3;
				OTHER_CFLAGS = "-DNS_BLOCK_ASSERTIONS=1";
				PROVISIONING_PROFILE = "3D3975A8-FA63-4686-8618-6F9EB12E232B";
				SDKROOT = iphoneos;
			};
			name = Release;
		};
		62C892F4140FF07400F1C147 /* Debug */ = {
			isa = XCBuildConfiguration;
			buildSettings = {
				ALWAYS_SEARCH_USER_PATHS = NO;
				CODE_SIGN_IDENTITY = "iPhone Developer";
				COPY_PHASE_STRIP = NO;
				GCC_DYNAMIC_NO_PIC = NO;
				GCC_PRECOMPILE_PREFIX_HEADER = YES;
				GCC_PREFIX_HEADER = "CrashSample/CrashSample-Prefix.pch";
				GCC_VERSION = com.apple.compilers.llvm.clang.1_0;
				INFOPLIST_FILE = "CrashSample/CrashSample-Info.plist";
				LIBRARY_SEARCH_PATHS = (
					"$(inherited)",
					"\"$(SRCROOT)/AppBlade\"",
				);
				PRODUCT_NAME = "$(TARGET_NAME)";
				PROVISIONING_PROFILE = "";
				VALID_ARCHS = "armv7 armv7s";
				WRAPPER_EXTENSION = app;
			};
			name = Debug;
		};
		62C892F5140FF07400F1C147 /* Release */ = {
			isa = XCBuildConfiguration;
			buildSettings = {
				ALWAYS_SEARCH_USER_PATHS = NO;
				CODE_SIGN_IDENTITY = "iPhone Developer";
				COPY_PHASE_STRIP = YES;
				GCC_PRECOMPILE_PREFIX_HEADER = YES;
				GCC_PREFIX_HEADER = "CrashSample/CrashSample-Prefix.pch";
				GCC_VERSION = com.apple.compilers.llvm.clang.1_0;
				INFOPLIST_FILE = "CrashSample/CrashSample-Info.plist";
				LIBRARY_SEARCH_PATHS = (
					"$(inherited)",
					"\"$(SRCROOT)/AppBlade\"",
				);
				PRODUCT_NAME = "$(TARGET_NAME)";
				PROVISIONING_PROFILE = "";
				VALIDATE_PRODUCT = YES;
				VALID_ARCHS = "armv7 armv7s";
				WRAPPER_EXTENSION = app;
			};
			name = Release;
		};
/* End XCBuildConfiguration section */

/* Begin XCConfigurationList section */
		62C892CC140FF07300F1C147 /* Build configuration list for PBXProject "CrashSample" */ = {
			isa = XCConfigurationList;
			buildConfigurations = (
				62C892F1140FF07400F1C147 /* Debug */,
				62C892F2140FF07400F1C147 /* Release */,
			);
			defaultConfigurationIsVisible = 0;
			defaultConfigurationName = Release;
		};
		62C892F3140FF07400F1C147 /* Build configuration list for PBXNativeTarget "CrashSample" */ = {
			isa = XCConfigurationList;
			buildConfigurations = (
				62C892F4140FF07400F1C147 /* Debug */,
				62C892F5140FF07400F1C147 /* Release */,
			);
			defaultConfigurationIsVisible = 0;
			defaultConfigurationName = Release;
		};
/* End XCConfigurationList section */
	};
	rootObject = 62C892C9140FF07300F1C147 /* Project object */;
}
